
Microsoft Visual Studio Solution File, Format Version 12.00
# Visual Studio Version 16
VisualStudioVersion = 16.0.32228.343
MinimumVisualStudioVersion = 10.0.40219.1
Project("{FAE04EC0-301F-11D3-BF4B-00C04F79EFBC}") = "cityInfortmation", "cityInfortmation\cityInfortmation.csproj", "{D41AE2D1-EDFD-43D2-9F2B-837D9B53B374}"
EndProject
Global
	GlobalSection(SolutionConfigurationPlatforms) = preSolution
		Debug|Any CPU = Debug|Any CPU
		Release|Any CPU = Release|Any CPU
	EndGlobalSection
	GlobalSection(ProjectConfigurationPlatforms) = postSolution
		{D41AE2D1-EDFD-43D2-9F2B-837D9B53B374}.Debug|Any CPU.ActiveCfg = Debug|Any CPU
		{D41AE2D1-EDFD-43D2-9F2B-837D9B53B374}.Debug|Any CPU.Build.0 = Debug|Any CPU
		{D41AE2D1-EDFD-43D2-9F2B-837D9B53B374}.Release|Any CPU.ActiveCfg = Release|Any CPU
		{D41AE2D1-EDFD-43D2-9F2B-837D9B53B374}.Release|Any CPU.Build.0 = Release|Any CPU
	EndGlobalSection
	GlobalSection(SolutionProperties) = preSolution
		HideSolutionNode = FALSE
	EndGlobalSection
	GlobalSection(ExtensibilityGlobals) = postSolution
		SolutionGuid = {4834C999-B1CD-4E17-A242-472FB5B0A70A}
	EndGlobalSection
EndGlobal
